
Microsoft Visual Studio Solution File, Format Version 12.00
# Visual Studio Version 17
VisualStudioVersion = 17.12.35527.113
MinimumVisualStudioVersion = 10.0.40219.1
Project("{FAE04EC0-301F-11D3-BF4B-00C04F79EFBC}") = "Core.Persistence", "Core.Persistence\Core.Persistence.csproj", "{D9E18C80-CE12-4F6F-B821-724C19A1E1E9}"
EndProject
Project("{FAE04EC0-301F-11D3-BF4B-00C04F79EFBC}") = "Core.Application", "Core.Application\Core.Application.csproj", "{FE9F32E5-D58B-4CA8-9ECA-AF396020F296}"
EndProject
Project("{FAE04EC0-301F-11D3-BF4B-00C04F79EFBC}") = "Core.CrossCuttingConcerns", "Core.CrossCuttingConcerns\Core.CrossCuttingConcerns.csproj", "{7EE0A2A4-1794-4426-BB7D-C804C753B127}"
EndProject
Project("{FAE04EC0-301F-11D3-BF4B-00C04F79EFBC}") = "Core.Security", "Core.Security\Core.Security.csproj", "{22A28ECB-E246-42CF-A7FF-6724B369C721}"
EndProject
Global
	GlobalSection(SolutionConfigurationPlatforms) = preSolution
		Debug|Any CPU = Debug|Any CPU
		Release|Any CPU = Release|Any CPU
	EndGlobalSection
	GlobalSection(ProjectConfigurationPlatforms) = postSolution
		{D9E18C80-CE12-4F6F-B821-724C19A1E1E9}.Debug|Any CPU.ActiveCfg = Debug|Any CPU
		{D9E18C80-CE12-4F6F-B821-724C19A1E1E9}.Debug|Any CPU.Build.0 = Debug|Any CPU
		{D9E18C80-CE12-4F6F-B821-724C19A1E1E9}.Release|Any CPU.ActiveCfg = Release|Any CPU
		{D9E18C80-CE12-4F6F-B821-724C19A1E1E9}.Release|Any CPU.Build.0 = Release|Any CPU
		{FE9F32E5-D58B-4CA8-9ECA-AF396020F296}.Debug|Any CPU.ActiveCfg = Debug|Any CPU
		{FE9F32E5-D58B-4CA8-9ECA-AF396020F296}.Debug|Any CPU.Build.0 = Debug|Any CPU
		{FE9F32E5-D58B-4CA8-9ECA-AF396020F296}.Release|Any CPU.ActiveCfg = Release|Any CPU
		{FE9F32E5-D58B-4CA8-9ECA-AF396020F296}.Release|Any CPU.Build.0 = Release|Any CPU
		{7EE0A2A4-1794-4426-BB7D-C804C753B127}.Debug|Any CPU.ActiveCfg = Debug|Any CPU
		{7EE0A2A4-1794-4426-BB7D-C804C753B127}.Debug|Any CPU.Build.0 = Debug|Any CPU
		{7EE0A2A4-1794-4426-BB7D-C804C753B127}.Release|Any CPU.ActiveCfg = Release|Any CPU
		{7EE0A2A4-1794-4426-BB7D-C804C753B127}.Release|Any CPU.Build.0 = Release|Any CPU
		{22A28ECB-E246-42CF-A7FF-6724B369C721}.Debug|Any CPU.ActiveCfg = Debug|Any CPU
		{22A28ECB-E246-42CF-A7FF-6724B369C721}.Debug|Any CPU.Build.0 = Debug|Any CPU
		{22A28ECB-E246-42CF-A7FF-6724B369C721}.Release|Any CPU.ActiveCfg = Release|Any CPU
		{22A28ECB-E246-42CF-A7FF-6724B369C721}.Release|Any CPU.Build.0 = Release|Any CPU
	EndGlobalSection
	GlobalSection(SolutionProperties) = preSolution
		HideSolutionNode = FALSE
	EndGlobalSection
EndGlobal
